{
  "pins" : [
    {
      "identity" : "approvaltests.swift",
      "kind" : "remoteSourceControl",
      "location" : "https://github.com/approvals/ApprovalTests.Swift",
      "state" : {
        "revision" : "f003524be9f86aef6d00c6ee2eb53ed682514348",
        "version" : "2.0.0"
      }
    },
    {
      "identity" : "swift-argument-parser",
      "kind" : "remoteSourceControl",
      "location" : "https://github.com/apple/swift-argument-parser",
      "state" : {
        "revision" : "6b2aa2748a7881eebb9f84fb10c01293e15b52ca",
        "version" : "0.5.0"
      }
    },
    {
      "identity" : "swift-custom-dump",
      "kind" : "remoteSourceControl",
      "location" : "https://github.com/pointfreeco/swift-custom-dump",
      "state" : {
        "revision" : "de8ba65649e7ee317b9daf27dd5eebf34bd4be57",
        "version" : "0.9.1"
      }
    },
    {
      "identity" : "xctest-dynamic-overlay",
      "kind" : "remoteSourceControl",
      "location" : "https://github.com/pointfreeco/xctest-dynamic-overlay",
      "state" : {
        "revision" : "ab8c9f45843694dd16be4297e6d44c0634fd9913",
        "version" : "0.8.4"
      }
    }
  ],
  "version" : 2
}
